
Microsoft Visual Studio Solution File, Format Version 12.00
# Visual Studio Version 16
VisualStudioVersion = 16.0.31402.337
MinimumVisualStudioVersion = 10.0.40219.1
Project("{8BC9CEB8-8B4A-11D0-8D11-00A0C91BC942}") = "Chapter4P104", "Chapter4P104.vcxproj", "{43BCA27F-044D-42E7-814E-A09B1D17C78B}"
EndProject
Project("{8BC9CEB8-8B4A-11D0-8D11-00A0C91BC942}") = "Chapter4P113", "Chapter4P113\Chapter4P113.vcxproj", "{ECFA1871-48EC-441C-9818-0C892568D1A2}"
EndProject
Project("{8BC9CEB8-8B4A-11D0-8D11-00A0C91BC942}") = "Chapter4P114", "Chapter4P114\Chapter4P114.vcxproj", "{B7BF7A40-45C5-4F8D-A203-CBF68B17572C}"
EndProject
Project("{8BC9CEB8-8B4A-11D0-8D11-00A0C91BC942}") = "Chapter4P123", "Chapter4P123\Chapter4P123.vcxproj", "{761A0AD1-15DC-464B-B9B0-727D7676F79F}"
EndProject
Project("{8BC9CEB8-8B4A-11D0-8D11-00A0C91BC942}") = "Chapter4P127", "Chapter4P127\Chapter4P127.vcxproj", "{101D96B4-8D54-4459-83E3-5FDA7BC7E79D}"
EndProject
Project("{8BC9CEB8-8B4A-11D0-8D11-00A0C91BC942}") = "Chapter4P140", "Chapter4P140\Chapter4P140.vcxproj", "{39A082EB-0E7C-4AD8-A7A0-0978D12D9B3C}"
EndProject
Project("{8BC9CEB8-8B4A-11D0-8D11-00A0C91BC942}") = "Chapter4P143", "Chapter4P143\Chapter4P143.vcxproj", "{08771767-2874-4256-819F-AD557660FFAB}"
EndProject
Project("{8BC9CEB8-8B4A-11D0-8D11-00A0C91BC942}") = "Chapter4P144", "Chapter4P144\Chapter4P144.vcxproj", "{D644178A-24DC-4322-9F8D-9DC6EAF6349F}"
EndProject
Project("{8BC9CEB8-8B4A-11D0-8D11-00A0C91BC942}") = "DX12_kimatsu", "DX12_kimatsu\DX12_kimatsu.vcxproj", "{CDE1195F-653C-4AE5-BC70-66AE41D1147F}"
EndProject
Project("{8BC9CEB8-8B4A-11D0-8D11-00A0C91BC942}") = "Chapter4P147", "Chapter4P147\Chapter4P147.vcxproj", "{850F3205-34D8-46E8-9285-7B18DD1C3081}"
EndProject
Global
	GlobalSection(SolutionConfigurationPlatforms) = preSolution
		Debug|x64 = Debug|x64
		Debug|x86 = Debug|x86
		Release|x64 = Release|x64
		Release|x86 = Release|x86
	EndGlobalSection
	GlobalSection(ProjectConfigurationPlatforms) = postSolution
		{43BCA27F-044D-42E7-814E-A09B1D17C78B}.Debug|x64.ActiveCfg = Debug|x64
		{43BCA27F-044D-42E7-814E-A09B1D17C78B}.Debug|x64.Build.0 = Debug|x64
		{43BCA27F-044D-42E7-814E-A09B1D17C78B}.Debug|x86.ActiveCfg = Debug|Win32
		{43BCA27F-044D-42E7-814E-A09B1D17C78B}.Debug|x86.Build.0 = Debug|Win32
		{43BCA27F-044D-42E7-814E-A09B1D17C78B}.Release|x64.ActiveCfg = Release|x64
		{43BCA27F-044D-42E7-814E-A09B1D17C78B}.Release|x64.Build.0 = Release|x64
		{43BCA27F-044D-42E7-814E-A09B1D17C78B}.Release|x86.ActiveCfg = Release|Win32
		{43BCA27F-044D-42E7-814E-A09B1D17C78B}.Release|x86.Build.0 = Release|Win32
		{ECFA1871-48EC-441C-9818-0C892568D1A2}.Debug|x64.ActiveCfg = Debug|x64
		{ECFA1871-48EC-441C-9818-0C892568D1A2}.Debug|x64.Build.0 = Debug|x64
		{ECFA1871-48EC-441C-9818-0C892568D1A2}.Debug|x86.ActiveCfg = Debug|Win32
		{ECFA1871-48EC-441C-9818-0C892568D1A2}.Debug|x86.Build.0 = Debug|Win32
		{ECFA1871-48EC-441C-9818-0C892568D1A2}.Release|x64.ActiveCfg = Release|x64
		{ECFA1871-48EC-441C-9818-0C892568D1A2}.Release|x64.Build.0 = Release|x64
		{ECFA1871-48EC-441C-9818-0C892568D1A2}.Release|x86.ActiveCfg = Release|Win32
		{ECFA1871-48EC-441C-9818-0C892568D1A2}.Release|x86.Build.0 = Release|Win32
		{B7BF7A40-45C5-4F8D-A203-CBF68B17572C}.Debug|x64.ActiveCfg = Debug|x64
		{B7BF7A40-45C5-4F8D-A203-CBF68B17572C}.Debug|x64.Build.0 = Debug|x64
		{B7BF7A40-45C5-4F8D-A203-CBF68B17572C}.Debug|x86.ActiveCfg = Debug|Win32
		{B7BF7A40-45C5-4F8D-A203-CBF68B17572C}.Debug|x86.Build.0 = Debug|Win32
		{B7BF7A40-45C5-4F8D-A203-CBF68B17572C}.Release|x64.ActiveCfg = Release|x64
		{B7BF7A40-45C5-4F8D-A203-CBF68B17572C}.Release|x64.Build.0 = Release|x64
		{B7BF7A40-45C5-4F8D-A203-CBF68B17572C}.Release|x86.ActiveCfg = Release|Win32
		{B7BF7A40-45C5-4F8D-A203-CBF68B17572C}.Release|x86.Build.0 = Release|Win32
		{761A0AD1-15DC-464B-B9B0-727D7676F79F}.Debug|x64.ActiveCfg = Debug|x64
		{761A0AD1-15DC-464B-B9B0-727D7676F79F}.Debug|x64.Build.0 = Debug|x64
		{761A0AD1-15DC-464B-B9B0-727D7676F79F}.Debug|x86.ActiveCfg = Debug|Win32
		{761A0AD1-15DC-464B-B9B0-727D7676F79F}.Debug|x86.Build.0 = Debug|Win32
		{761A0AD1-15DC-464B-B9B0-727D7676F79F}.Release|x64.ActiveCfg = Release|x64
		{761A0AD1-15DC-464B-B9B0-727D7676F79F}.Release|x64.Build.0 = Release|x64
		{761A0AD1-15DC-464B-B9B0-727D7676F79F}.Release|x86.ActiveCfg = Release|Win32
		{761A0AD1-15DC-464B-B9B0-727D7676F79F}.Release|x86.Build.0 = Release|Win32
		{101D96B4-8D54-4459-83E3-5FDA7BC7E79D}.Debug|x64.ActiveCfg = Debug|x64
		{101D96B4-8D54-4459-83E3-5FDA7BC7E79D}.Debug|x64.Build.0 = Debug|x64
		{101D96B4-8D54-4459-83E3-5FDA7BC7E79D}.Debug|x86.ActiveCfg = Debug|Win32
		{101D96B4-8D54-4459-83E3-5FDA7BC7E79D}.Debug|x86.Build.0 = Debug|Win32
		{101D96B4-8D54-4459-83E3-5FDA7BC7E79D}.Release|x64.ActiveCfg = Release|x64
		{101D96B4-8D54-4459-83E3-5FDA7BC7E79D}.Release|x64.Build.0 = Release|x64
		{101D96B4-8D54-4459-83E3-5FDA7BC7E79D}.Release|x86.ActiveCfg = Release|Win32
		{101D96B4-8D54-4459-83E3-5FDA7BC7E79D}.Release|x86.Build.0 = Release|Win32
		{39A082EB-0E7C-4AD8-A7A0-0978D12D9B3C}.Debug|x64.ActiveCfg = Debug|x64
		{39A082EB-0E7C-4AD8-A7A0-0978D12D9B3C}.Debug|x64.Build.0 = Debug|x64
		{39A082EB-0E7C-4AD8-A7A0-0978D12D9B3C}.Debug|x86.ActiveCfg = Debug|Win32
		{39A082EB-0E7C-4AD8-A7A0-0978D12D9B3C}.Debug|x86.Build.0 = Debug|Win32
		{39A082EB-0E7C-4AD8-A7A0-0978D12D9B3C}.Release|x64.ActiveCfg = Release|x64
		{39A082EB-0E7C-4AD8-A7A0-0978D12D9B3C}.Release|x64.Build.0 = Release|x64
		{39A082EB-0E7C-4AD8-A7A0-0978D12D9B3C}.Release|x86.ActiveCfg = Release|Win32
		{39A082EB-0E7C-4AD8-A7A0-0978D12D9B3C}.Release|x86.Build.0 = Release|Win32
		{08771767-2874-4256-819F-AD557660FFAB}.Debug|x64.ActiveCfg = Debug|x64
		{08771767-2874-4256-819F-AD557660FFAB}.Debug|x64.Build.0 = Debug|x64
		{08771767-2874-4256-819F-AD557660FFAB}.Debug|x86.ActiveCfg = Debug|Win32
		{08771767-2874-4256-819F-AD557660FFAB}.Debug|x86.Build.0 = Debug|Win32
		{08771767-2874-4256-819F-AD557660FFAB}.Release|x64.ActiveCfg = Release|x64
		{08771767-2874-4256-819F-AD557660FFAB}.Release|x64.Build.0 = Release|x64
		{08771767-2874-4256-819F-AD557660FFAB}.Release|x86.ActiveCfg = Release|Win32
		{08771767-2874-4256-819F-AD557660FFAB}.Release|x86.Build.0 = Release|Win32
		{D644178A-24DC-4322-9F8D-9DC6EAF6349F}.Debug|x64.ActiveCfg = Debug|x64
		{D644178A-24DC-4322-9F8D-9DC6EAF6349F}.Debug|x64.Build.0 = Debug|x64
		{D644178A-24DC-4322-9F8D-9DC6EAF6349F}.Debug|x86.ActiveCfg = Debug|Win32
		{D644178A-24DC-4322-9F8D-9DC6EAF6349F}.Debug|x86.Build.0 = Debug|Win32
		{D644178A-24DC-4322-9F8D-9DC6EAF6349F}.Release|x64.ActiveCfg = Release|x64
		{D644178A-24DC-4322-9F8D-9DC6EAF6349F}.Release|x64.Build.0 = Release|x64
		{D644178A-24DC-4322-9F8D-9DC6EAF6349F}.Release|x86.ActiveCfg = Release|Win32
		{D644178A-24DC-4322-9F8D-9DC6EAF6349F}.Release|x86.Build.0 = Release|Win32
		{CDE1195F-653C-4AE5-BC70-66AE41D1147F}.Debug|x64.ActiveCfg = Debug|x64
		{CDE1195F-653C-4AE5-BC70-66AE41D1147F}.Debug|x64.Build.0 = Debug|x64
		{CDE1195F-653C-4AE5-BC70-66AE41D1147F}.Debug|x86.ActiveCfg = Debug|Win32
		{CDE1195F-653C-4AE5-BC70-66AE41D1147F}.Debug|x86.Build.0 = Debug|Win32
		{CDE1195F-653C-4AE5-BC70-66AE41D1147F}.Release|x64.ActiveCfg = Release|x64
		{CDE1195F-653C-4AE5-BC70-66AE41D1147F}.Release|x64.Build.0 = Release|x64
		{CDE1195F-653C-4AE5-BC70-66AE41D1147F}.Release|x86.ActiveCfg = Release|Win32
		{CDE1195F-653C-4AE5-BC70-66AE41D1147F}.Release|x86.Build.0 = Release|Win32
		{850F3205-34D8-46E8-9285-7B18DD1C3081}.Debug|x64.ActiveCfg = Debug|x64
		{850F3205-34D8-46E8-9285-7B18DD1C3081}.Debug|x64.Build.0 = Debug|x64
		{850F3205-34D8-46E8-9285-7B18DD1C3081}.Debug|x86.ActiveCfg = Debug|Win32
		{850F3205-34D8-46E8-9285-7B18DD1C3081}.Debug|x86.Build.0 = Debug|Win32
		{850F3205-34D8-46E8-9285-7B18DD1C3081}.Release|x64.ActiveCfg = Release|x64
		{850F3205-34D8-46E8-9285-7B18DD1C3081}.Release|x64.Build.0 = Release|x64
		{850F3205-34D8-46E8-9285-7B18DD1C3081}.Release|x86.ActiveCfg = Release|Win32
		{850F3205-34D8-46E8-9285-7B18DD1C3081}.Release|x86.Build.0 = Release|Win32
	EndGlobalSection
	GlobalSection(SolutionProperties) = preSolution
		HideSolutionNode = FALSE
	EndGlobalSection
	GlobalSection(ExtensibilityGlobals) = postSolution
		SolutionGuid = {C9BD2FE4-A38A-4098-AC8F-8188DB883787}
	EndGlobalSection
EndGlobal
